// !$*UTF8*$!
{
	archiveVersion = 1;
	classes = {
	};
	objectVersion = 77;
	objects = {

/* Begin PBXBuildFile section */
		0FBBA2322E7EC23000EB79B5 /* InlineSnapshotTesting in Frameworks */ = {isa = PBXBuildFile; productRef = 0FBBA2312E7EC23000EB79B5 /* InlineSnapshotTesting */; };
		0FBBA2342E7EC23000EB79B5 /* SnapshotTesting in Frameworks */ = {isa = PBXBuildFile; productRef = 0FBBA2332E7EC23000EB79B5 /* SnapshotTesting */; };
		0FBBA2362E7EC23000EB79B5 /* SnapshotTestingCustomDump in Frameworks */ = {isa = PBXBuildFile; productRef = 0FBBA2352E7EC23000EB79B5 /* SnapshotTestingCustomDump */; };
		0FBBA2472E7ECD8100EB79B5 /* AppMetricaAdSupport in Frameworks */ = {isa = PBXBuildFile; productRef = 0FBBA2462E7ECD8100EB79B5 /* AppMetricaAdSupport */; };
		0FBBA2492E7ECD8100EB79B5 /* AppMetricaCore in Frameworks */ = {isa = PBXBuildFile; productRef = 0FBBA2482E7ECD8100EB79B5 /* AppMetricaCore */; };
		0FBBA24B2E7ECD8100EB79B5 /* AppMetricaCrashes in Frameworks */ = {isa = PBXBuildFile; productRef = 0FBBA24A2E7ECD8100EB79B5 /* AppMetricaCrashes */; };
		0FBBA24D2E7ECD8100EB79B5 /* AppMetricaLibraryAdapter in Frameworks */ = {isa = PBXBuildFile; productRef = 0FBBA24C2E7ECD8100EB79B5 /* AppMetricaLibraryAdapter */; };
		0FBBA24F2E7ECD8100EB79B5 /* AppMetricaScreenshot in Frameworks */ = {isa = PBXBuildFile; productRef = 0FBBA24E2E7ECD8100EB79B5 /* AppMetricaScreenshot */; };
		0FBBA2512E7ECD8100EB79B5 /* AppMetricaWebKit in Frameworks */ = {isa = PBXBuildFile; productRef = 0FBBA2502E7ECD8100EB79B5 /* AppMetricaWebKit */; };
/* End PBXBuildFile section */

/* Begin PBXContainerItemProxy section */
		0FBBA22B2E7EC21100EB79B5 /* PBXContainerItemProxy */ = {
			isa = PBXContainerItemProxy;
			containerPortal = 0F64F7FF2E2EBCC000C6FB20 /* Project object */;
			proxyType = 1;
			remoteGlobalIDString = 0F64F8062E2EBCC000C6FB20;
			remoteInfo = Tracker;
		};
/* End PBXContainerItemProxy section */

/* Begin PBXFileReference section */
		0F64F8072E2EBCC000C6FB20 /* Tracker.app */ = {isa = PBXFileReference; explicitFileType = wrapper.application; includeInIndex = 0; path = Tracker.app; sourceTree = BUILT_PRODUCTS_DIR; };
		0FBBA2272E7EC21100EB79B5 /* TrackerTests.xctest */ = {isa = PBXFileReference; explicitFileType = wrapper.cfbundle; includeInIndex = 0; path = TrackerTests.xctest; sourceTree = BUILT_PRODUCTS_DIR; };
/* End PBXFileReference section */

/* Begin PBXFileSystemSynchronizedBuildFileExceptionSet section */
		0F64F8192E2EBCC200C6FB20 /* Exceptions for "Tracker" folder in "Tracker" target */ = {
			isa = PBXFileSystemSynchronizedBuildFileExceptionSet;
			membershipExceptions = (
				Info.plist,
			);
			target = 0F64F8062E2EBCC000C6FB20 /* Tracker */;
		};
/* End PBXFileSystemSynchronizedBuildFileExceptionSet section */

/* Begin PBXFileSystemSynchronizedRootGroup section */
		0F64F8092E2EBCC000C6FB20 /* Tracker */ = {
			isa = PBXFileSystemSynchronizedRootGroup;
			exceptions = (
				0F64F8192E2EBCC200C6FB20 /* Exceptions for "Tracker" folder in "Tracker" target */,
			);
			path = Tracker;
			sourceTree = "<group>";
		};
		0FBBA2282E7EC21100EB79B5 /* TrackerTests */ = {
			isa = PBXFileSystemSynchronizedRootGroup;
			path = TrackerTests;
			sourceTree = "<group>";
		};
/* End PBXFileSystemSynchronizedRootGroup section */

/* Begin PBXFrameworksBuildPhase section */
		0F64F8042E2EBCC000C6FB20 /* Frameworks */ = {
			isa = PBXFrameworksBuildPhase;
			buildActionMask = 2147483647;
			files = (
				0FBBA24D2E7ECD8100EB79B5 /* AppMetricaLibraryAdapter in Frameworks */,
				0FBBA24B2E7ECD8100EB79B5 /* AppMetricaCrashes in Frameworks */,
				0FBBA2472E7ECD8100EB79B5 /* AppMetricaAdSupport in Frameworks */,
				0FBBA24F2E7ECD8100EB79B5 /* AppMetricaScreenshot in Frameworks */,
				0FBBA2512E7ECD8100EB79B5 /* AppMetricaWebKit in Frameworks */,
				0FBBA2492E7ECD8100EB79B5 /* AppMetricaCore in Frameworks */,
			);
			runOnlyForDeploymentPostprocessing = 0;
		};
		0FBBA2242E7EC21100EB79B5 /* Frameworks */ = {
			isa = PBXFrameworksBuildPhase;
			buildActionMask = 2147483647;
			files = (
				0FBBA2362E7EC23000EB79B5 /* SnapshotTestingCustomDump in Frameworks */,
				0FBBA2322E7EC23000EB79B5 /* InlineSnapshotTesting in Frameworks */,
				0FBBA2342E7EC23000EB79B5 /* SnapshotTesting in Frameworks */,
			);
			runOnlyForDeploymentPostprocessing = 0;
		};
/* End PBXFrameworksBuildPhase section */

/* Begin PBXGroup section */
		0F64F7FE2E2EBCC000C6FB20 = {
			isa = PBXGroup;
			children = (
				0F64F8092E2EBCC000C6FB20 /* Tracker */,
				0FBBA2282E7EC21100EB79B5 /* TrackerTests */,
				0F64F8082E2EBCC000C6FB20 /* Products */,
			);
			sourceTree = "<group>";
		};
		0F64F8082E2EBCC000C6FB20 /* Products */ = {
			isa = PBXGroup;
			children = (
				0F64F8072E2EBCC000C6FB20 /* Tracker.app */,
				0FBBA2272E7EC21100EB79B5 /* TrackerTests.xctest */,
			);
			name = Products;
			sourceTree = "<group>";
		};
/* End PBXGroup section */

/* Begin PBXNativeTarget section */
		0F64F8062E2EBCC000C6FB20 /* Tracker */ = {
			isa = PBXNativeTarget;
			buildConfigurationList = 0F64F81A2E2EBCC200C6FB20 /* Build configuration list for PBXNativeTarget "Tracker" */;
			buildPhases = (
				0F64F8032E2EBCC000C6FB20 /* Sources */,
				0F64F8042E2EBCC000C6FB20 /* Frameworks */,
				0F64F8052E2EBCC000C6FB20 /* Resources */,
			);
			buildRules = (
			);
			dependencies = (
			);
			fileSystemSynchronizedGroups = (
				0F64F8092E2EBCC000C6FB20 /* Tracker */,
			);
			name = Tracker;
			packageProductDependencies = (
				0FBBA2462E7ECD8100EB79B5 /* AppMetricaAdSupport */,
				0FBBA2482E7ECD8100EB79B5 /* AppMetricaCore */,
				0FBBA24A2E7ECD8100EB79B5 /* AppMetricaCrashes */,
				0FBBA24C2E7ECD8100EB79B5 /* AppMetricaLibraryAdapter */,
				0FBBA24E2E7ECD8100EB79B5 /* AppMetricaScreenshot */,
				0FBBA2502E7ECD8100EB79B5 /* AppMetricaWebKit */,
			);
			productName = Tracker;
			productReference = 0F64F8072E2EBCC000C6FB20 /* Tracker.app */;
			productType = "com.apple.product-type.application";
		};
		0FBBA2262E7EC21100EB79B5 /* TrackerTests */ = {
			isa = PBXNativeTarget;
			buildConfigurationList = 0FBBA22D2E7EC21100EB79B5 /* Build configuration list for PBXNativeTarget "TrackerTests" */;
			buildPhases = (
				0FBBA2232E7EC21100EB79B5 /* Sources */,
				0FBBA2242E7EC21100EB79B5 /* Frameworks */,
				0FBBA2252E7EC21100EB79B5 /* Resources */,
			);
			buildRules = (
			);
			dependencies = (
				0FBBA22C2E7EC21100EB79B5 /* PBXTargetDependency */,
			);
			fileSystemSynchronizedGroups = (
				0FBBA2282E7EC21100EB79B5 /* TrackerTests */,
			);
			name = TrackerTests;
			packageProductDependencies = (
				0FBBA2312E7EC23000EB79B5 /* InlineSnapshotTesting */,
				0FBBA2332E7EC23000EB79B5 /* SnapshotTesting */,
				0FBBA2352E7EC23000EB79B5 /* SnapshotTestingCustomDump */,
			);
			productName = TrackerTests;
			productReference = 0FBBA2272E7EC21100EB79B5 /* TrackerTests.xctest */;
			productType = "com.apple.product-type.bundle.unit-test";
		};
/* End PBXNativeTarget section */

/* Begin PBXProject section */
		0F64F7FF2E2EBCC000C6FB20 /* Project object */ = {
			isa = PBXProject;
			attributes = {
				BuildIndependentTargetsInParallel = 1;
				LastSwiftUpdateCheck = 1610;
				LastUpgradeCheck = 1610;
				TargetAttributes = {
					0F64F8062E2EBCC000C6FB20 = {
						CreatedOnToolsVersion = 16.1;
					};
					0FBBA2262E7EC21100EB79B5 = {
						CreatedOnToolsVersion = 16.1;
						TestTargetID = 0F64F8062E2EBCC000C6FB20;
					};
				};
			};
			buildConfigurationList = 0F64F8022E2EBCC000C6FB20 /* Build configuration list for PBXProject "Tracker" */;
			developmentRegion = en;
			hasScannedForEncodings = 0;
			knownRegions = (
				en,
				Base,
				ru,
			);
			mainGroup = 0F64F7FE2E2EBCC000C6FB20;
			minimizedProjectReferenceProxies = 1;
			packageReferences = (
				0FBBA2302E7EC23000EB79B5 /* XCRemoteSwiftPackageReference "swift-snapshot-testing" */,
				0FBBA2452E7ECD8100EB79B5 /* XCRemoteSwiftPackageReference "appmetrica-sdk-ios" */,
			);
			preferredProjectObjectVersion = 77;
			productRefGroup = 0F64F8082E2EBCC000C6FB20 /* Products */;
			projectDirPath = "";
			projectRoot = "";
			targets = (
				0F64F8062E2EBCC000C6FB20 /* Tracker */,
				0FBBA2262E7EC21100EB79B5 /* TrackerTests */,
			);
		};
/* End PBXProject section */

/* Begin PBXResourcesBuildPhase section */
		0F64F8052E2EBCC000C6FB20 /* Resources */ = {
			isa = PBXResourcesBuildPhase;
			buildActionMask = 2147483647;
			files = (
			);
			runOnlyForDeploymentPostprocessing = 0;
		};
		0FBBA2252E7EC21100EB79B5 /* Resources */ = {
			isa = PBXResourcesBuildPhase;
			buildActionMask = 2147483647;
			files = (
			);
			runOnlyForDeploymentPostprocessing = 0;
		};
/* End PBXResourcesBuildPhase section */

/* Begin PBXSourcesBuildPhase section */
		0F64F8032E2EBCC000C6FB20 /* Sources */ = {
			isa = PBXSourcesBuildPhase;
			buildActionMask = 2147483647;
			files = (
			);
			runOnlyForDeploymentPostprocessing = 0;
		};
		0FBBA2232E7EC21100EB79B5 /* Sources */ = {
			isa = PBXSourcesBuildPhase;
			buildActionMask = 2147483647;
			files = (
			);
			runOnlyForDeploymentPostprocessing = 0;
		};
/* End PBXSourcesBuildPhase section */

/* Begin PBXTargetDependency section */
		0FBBA22C2E7EC21100EB79B5 /* PBXTargetDependency */ = {
			isa = PBXTargetDependency;
			target = 0F64F8062E2EBCC000C6FB20 /* Tracker */;
			targetProxy = 0FBBA22B2E7EC21100EB79B5 /* PBXContainerItemProxy */;
		};
/* End PBXTargetDependency section */

/* Begin XCBuildConfiguration section */
		0F64F81B2E2EBCC200C6FB20 /* Debug */ = {
			isa = XCBuildConfiguration;
			buildSettings = {
				ASSETCATALOG_COMPILER_APPICON_NAME = AppIcon;
				ASSETCATALOG_COMPILER_GLOBAL_ACCENT_COLOR_NAME = AccentColor;
				CODE_SIGN_STYLE = Automatic;
				CURRENT_PROJECT_VERSION = 1;
				DEVELOPMENT_TEAM = 5Y8F7K6K7M;
				GENERATE_INFOPLIST_FILE = YES;
				INFOPLIST_FILE = Tracker/Info.plist;
				INFOPLIST_KEY_UIApplicationSupportsIndirectInputEvents = YES;
				INFOPLIST_KEY_UILaunchStoryboardName = LaunchScreen;
				INFOPLIST_KEY_UISupportedInterfaceOrientations = UIInterfaceOrientationPortrait;
				INFOPLIST_KEY_UISupportedInterfaceOrientations_iPad = "UIInterfaceOrientationLandscapeLeft UIInterfaceOrientationLandscapeRight UIInterfaceOrientationPortrait UIInterfaceOrientationPortraitUpsideDown";
				IPHONEOS_DEPLOYMENT_TARGET = 17.0;
				LD_RUNPATH_SEARCH_PATHS = (
					"$(inherited)",
					"@executable_path/Frameworks",
				);
				MARKETING_VERSION = 1.0;
				PRODUCT_BUNDLE_IDENTIFIER = com.Vokpolk.Tracker;
				PRODUCT_NAME = "$(TARGET_NAME)";
				SUPPORTED_PLATFORMS = "iphoneos iphonesimulator";
				SUPPORTS_MACCATALYST = NO;
				SUPPORTS_MAC_DESIGNED_FOR_IPHONE_IPAD = NO;
				SUPPORTS_XR_DESIGNED_FOR_IPHONE_IPAD = NO;
				SWIFT_EMIT_LOC_STRINGS = YES;
				SWIFT_VERSION = 5.0;
				TARGETED_DEVICE_FAMILY = 1;
			};
			name = Debug;
		};
		0F64F81C2E2EBCC200C6FB20 /* Release */ = {
			isa = XCBuildConfiguration;
			buildSettings = {
				ASSETCATALOG_COMPILER_APPICON_NAME = AppIcon;
				ASSETCATALOG_COMPILER_GLOBAL_ACCENT_COLOR_NAME = AccentColor;
				CODE_SIGN_STYLE = Automatic;
				CURRENT_PROJECT_VERSION = 1;
				DEVELOPMENT_TEAM = 5Y8F7K6K7M;
				GENERATE_INFOPLIST_FILE = YES;
				INFOPLIST_FILE = Tracker/Info.plist;
				INFOPLIST_KEY_UIApplicationSupportsIndirectInputEvents = YES;
				INFOPLIST_KEY_UILaunchStoryboardName = LaunchScreen;
				INFOPLIST_KEY_UISupportedInterfaceOrientations = UIInterfaceOrientationPortrait;
				INFOPLIST_KEY_UISupportedInterfaceOrientations_iPad = "UIInterfaceOrientationLandscapeLeft UIInterfaceOrientationLandscapeRight UIInterfaceOrientationPortrait UIInterfaceOrientationPortraitUpsideDown";
				IPHONEOS_DEPLOYMENT_TARGET = 17.0;
				LD_RUNPATH_SEARCH_PATHS = (
					"$(inherited)",
					"@executable_path/Frameworks",
				);
				MARKETING_VERSION = 1.0;
				PRODUCT_BUNDLE_IDENTIFIER = com.Vokpolk.Tracker;
				PRODUCT_NAME = "$(TARGET_NAME)";
				SUPPORTED_PLATFORMS = "iphoneos iphonesimulator";
				SUPPORTS_MACCATALYST = NO;
				SUPPORTS_MAC_DESIGNED_FOR_IPHONE_IPAD = NO;
				SUPPORTS_XR_DESIGNED_FOR_IPHONE_IPAD = NO;
				SWIFT_EMIT_LOC_STRINGS = YES;
				SWIFT_VERSION = 5.0;
				TARGETED_DEVICE_FAMILY = 1;
			};
			name = Release;
		};
		0F64F81D2E2EBCC200C6FB20 /* Debug */ = {
			isa = XCBuildConfiguration;
			buildSettings = {
				ALWAYS_SEARCH_USER_PATHS = NO;
				ASSETCATALOG_COMPILER_GENERATE_SWIFT_ASSET_SYMBOL_EXTENSIONS = YES;
				CLANG_ANALYZER_LOCALIZABILITY_NONLOCALIZED = YES;
				CLANG_ANALYZER_NONNULL = YES;
				CLANG_ANALYZER_NUMBER_OBJECT_CONVERSION = YES_AGGRESSIVE;
				CLANG_CXX_LANGUAGE_STANDARD = "gnu++20";
				CLANG_ENABLE_MODULES = YES;
				CLANG_ENABLE_OBJC_ARC = YES;
				CLANG_ENABLE_OBJC_WEAK = YES;
				CLANG_WARN_BLOCK_CAPTURE_AUTORELEASING = YES;
				CLANG_WARN_BOOL_CONVERSION = YES;
				CLANG_WARN_COMMA = YES;
				CLANG_WARN_CONSTANT_CONVERSION = YES;
				CLANG_WARN_DEPRECATED_OBJC_IMPLEMENTATIONS = YES;
				CLANG_WARN_DIRECT_OBJC_ISA_USAGE = YES_ERROR;
				CLANG_WARN_DOCUMENTATION_COMMENTS = YES;
				CLANG_WARN_EMPTY_BODY = YES;
				CLANG_WARN_ENUM_CONVERSION = YES;
				CLANG_WARN_INFINITE_RECURSION = YES;
				CLANG_WARN_INT_CONVERSION = YES;
				CLANG_WARN_NON_LITERAL_NULL_CONVERSION = YES;
				CLANG_WARN_OBJC_IMPLICIT_RETAIN_SELF = YES;
				CLANG_WARN_OBJC_LITERAL_CONVERSION = YES;
				CLANG_WARN_OBJC_ROOT_CLASS = YES_ERROR;
				CLANG_WARN_QUOTED_INCLUDE_IN_FRAMEWORK_HEADER = YES;
				CLANG_WARN_RANGE_LOOP_ANALYSIS = YES;
				CLANG_WARN_STRICT_PROTOTYPES = YES;
				CLANG_WARN_SUSPICIOUS_MOVE = YES;
				CLANG_WARN_UNGUARDED_AVAILABILITY = YES_AGGRESSIVE;
				CLANG_WARN_UNREACHABLE_CODE = YES;
				CLANG_WARN__DUPLICATE_METHOD_MATCH = YES;
				COPY_PHASE_STRIP = NO;
				DEBUG_INFORMATION_FORMAT = dwarf;
				ENABLE_STRICT_OBJC_MSGSEND = YES;
				ENABLE_TESTABILITY = YES;
				ENABLE_USER_SCRIPT_SANDBOXING = YES;
				GCC_C_LANGUAGE_STANDARD = gnu17;
				GCC_DYNAMIC_NO_PIC = NO;
				GCC_NO_COMMON_BLOCKS = YES;
				GCC_OPTIMIZATION_LEVEL = 0;
				GCC_PREPROCESSOR_DEFINITIONS = (
					"DEBUG=1",
					"$(inherited)",
				);
				GCC_WARN_64_TO_32_BIT_CONVERSION = YES;
				GCC_WARN_ABOUT_RETURN_TYPE = YES_ERROR;
				GCC_WARN_UNDECLARED_SELECTOR = YES;
				GCC_WARN_UNINITIALIZED_AUTOS = YES_AGGRESSIVE;
				GCC_WARN_UNUSED_FUNCTION = YES;
				GCC_WARN_UNUSED_VARIABLE = YES;
				IPHONEOS_DEPLOYMENT_TARGET = 18.1;
				LOCALIZATION_PREFERS_STRING_CATALOGS = YES;
				MTL_ENABLE_DEBUG_INFO = INCLUDE_SOURCE;
				MTL_FAST_MATH = YES;
				ONLY_ACTIVE_ARCH = YES;
				SDKROOT = iphoneos;
				SWIFT_ACTIVE_COMPILATION_CONDITIONS = "DEBUG $(inherited)";
				SWIFT_OPTIMIZATION_LEVEL = "-Onone";
			};
			name = Debug;
		};
		0F64F81E2E2EBCC200C6FB20 /* Release */ = {
			isa = XCBuildConfiguration;
			buildSettings = {
				ALWAYS_SEARCH_USER_PATHS = NO;
				ASSETCATALOG_COMPILER_GENERATE_SWIFT_ASSET_SYMBOL_EXTENSIONS = YES;
				CLANG_ANALYZER_LOCALIZABILITY_NONLOCALIZED = YES;
				CLANG_ANALYZER_NONNULL = YES;
				CLANG_ANALYZER_NUMBER_OBJECT_CONVERSION = YES_AGGRESSIVE;
				CLANG_CXX_LANGUAGE_STANDARD = "gnu++20";
				CLANG_ENABLE_MODULES = YES;
				CLANG_ENABLE_OBJC_ARC = YES;
				CLANG_ENABLE_OBJC_WEAK = YES;
				CLANG_WARN_BLOCK_CAPTURE_AUTORELEASING = YES;
				CLANG_WARN_BOOL_CONVERSION = YES;
				CLANG_WARN_COMMA = YES;
				CLANG_WARN_CONSTANT_CONVERSION = YES;
				CLANG_WARN_DEPRECATED_OBJC_IMPLEMENTATIONS = YES;
				CLANG_WARN_DIRECT_OBJC_ISA_USAGE = YES_ERROR;
				CLANG_WARN_DOCUMENTATION_COMMENTS = YES;
				CLANG_WARN_EMPTY_BODY = YES;
				CLANG_WARN_ENUM_CONVERSION = YES;
				CLANG_WARN_INFINITE_RECURSION = YES;
				CLANG_WARN_INT_CONVERSION = YES;
				CLANG_WARN_NON_LITERAL_NULL_CONVERSION = YES;
				CLANG_WARN_OBJC_IMPLICIT_RETAIN_SELF = YES;
				CLANG_WARN_OBJC_LITERAL_CONVERSION = YES;
				CLANG_WARN_OBJC_ROOT_CLASS = YES_ERROR;
				CLANG_WARN_QUOTED_INCLUDE_IN_FRAMEWORK_HEADER = YES;
				CLANG_WARN_RANGE_LOOP_ANALYSIS = YES;
				CLANG_WARN_STRICT_PROTOTYPES = YES;
				CLANG_WARN_SUSPICIOUS_MOVE = YES;
				CLANG_WARN_UNGUARDED_AVAILABILITY = YES_AGGRESSIVE;
				CLANG_WARN_UNREACHABLE_CODE = YES;
				CLANG_WARN__DUPLICATE_METHOD_MATCH = YES;
				COPY_PHASE_STRIP = NO;
				DEBUG_INFORMATION_FORMAT = "dwarf-with-dsym";
				ENABLE_NS_ASSERTIONS = NO;
				ENABLE_STRICT_OBJC_MSGSEND = YES;
				ENABLE_USER_SCRIPT_SANDBOXING = YES;
				GCC_C_LANGUAGE_STANDARD = gnu17;
				GCC_NO_COMMON_BLOCKS = YES;
				GCC_WARN_64_TO_32_BIT_CONVERSION = YES;
				GCC_WARN_ABOUT_RETURN_TYPE = YES_ERROR;
				GCC_WARN_UNDECLARED_SELECTOR = YES;
				GCC_WARN_UNINITIALIZED_AUTOS = YES_AGGRESSIVE;
				GCC_WARN_UNUSED_FUNCTION = YES;
				GCC_WARN_UNUSED_VARIABLE = YES;
				IPHONEOS_DEPLOYMENT_TARGET = 18.1;
				LOCALIZATION_PREFERS_STRING_CATALOGS = YES;
				MTL_ENABLE_DEBUG_INFO = NO;
				MTL_FAST_MATH = YES;
				SDKROOT = iphoneos;
				SWIFT_COMPILATION_MODE = wholemodule;
				VALIDATE_PRODUCT = YES;
			};
			name = Release;
		};
		0FBBA22E2E7EC21100EB79B5 /* Debug */ = {
			isa = XCBuildConfiguration;
			buildSettings = {
				BUNDLE_LOADER = "$(TEST_HOST)";
				CODE_SIGN_STYLE = Automatic;
				CURRENT_PROJECT_VERSION = 1;
				DEVELOPMENT_TEAM = 5Y8F7K6K7M;
				GENERATE_INFOPLIST_FILE = YES;
				MARKETING_VERSION = 1.0;
				PRODUCT_BUNDLE_IDENTIFIER = com.Vokpolk.TrackerTests;
				PRODUCT_NAME = "$(TARGET_NAME)";
				SWIFT_EMIT_LOC_STRINGS = NO;
				SWIFT_VERSION = 5.0;
				TARGETED_DEVICE_FAMILY = "1,2";
				TEST_HOST = "$(BUILT_PRODUCTS_DIR)/Tracker.app/$(BUNDLE_EXECUTABLE_FOLDER_PATH)/Tracker";
			};
			name = Debug;
		};
		0FBBA22F2E7EC21100EB79B5 /* Release */ = {
			isa = XCBuildConfiguration;
			buildSettings = {
				BUNDLE_LOADER = "$(TEST_HOST)";
				CODE_SIGN_STYLE = Automatic;
				CURRENT_PROJECT_VERSION = 1;
				DEVELOPMENT_TEAM = 5Y8F7K6K7M;
				GENERATE_INFOPLIST_FILE = YES;
				MARKETING_VERSION = 1.0;
				PRODUCT_BUNDLE_IDENTIFIER = com.Vokpolk.TrackerTests;
				PRODUCT_NAME = "$(TARGET_NAME)";
				SWIFT_EMIT_LOC_STRINGS = NO;
				SWIFT_VERSION = 5.0;
				TARGETED_DEVICE_FAMILY = "1,2";
				TEST_HOST = "$(BUILT_PRODUCTS_DIR)/Tracker.app/$(BUNDLE_EXECUTABLE_FOLDER_PATH)/Tracker";
			};
			name = Release;
		};
/* End XCBuildConfiguration section */

/* Begin XCConfigurationList section */
		0F64F8022E2EBCC000C6FB20 /* Build configuration list for PBXProject "Tracker" */ = {
			isa = XCConfigurationList;
			buildConfigurations = (
				0F64F81D2E2EBCC200C6FB20 /* Debug */,
				0F64F81E2E2EBCC200C6FB20 /* Release */,
			);
			defaultConfigurationIsVisible = 0;
			defaultConfigurationName = Release;
		};
		0F64F81A2E2EBCC200C6FB20 /* Build configuration list for PBXNativeTarget "Tracker" */ = {
			isa = XCConfigurationList;
			buildConfigurations = (
				0F64F81B2E2EBCC200C6FB20 /* Debug */,
				0F64F81C2E2EBCC200C6FB20 /* Release */,
			);
			defaultConfigurationIsVisible = 0;
			defaultConfigurationName = Release;
		};
		0FBBA22D2E7EC21100EB79B5 /* Build configuration list for PBXNativeTarget "TrackerTests" */ = {
			isa = XCConfigurationList;
			buildConfigurations = (
				0FBBA22E2E7EC21100EB79B5 /* Debug */,
				0FBBA22F2E7EC21100EB79B5 /* Release */,
			);
			defaultConfigurationIsVisible = 0;
			defaultConfigurationName = Release;
		};
/* End XCConfigurationList section */

/* Begin XCRemoteSwiftPackageReference section */
		0FBBA2302E7EC23000EB79B5 /* XCRemoteSwiftPackageReference "swift-snapshot-testing" */ = {
			isa = XCRemoteSwiftPackageReference;
			repositoryURL = "https://github.com/pointfreeco/swift-snapshot-testing";
			requirement = {
				kind = upToNextMajorVersion;
				minimumVersion = 1.18.7;
			};
		};
		0FBBA2452E7ECD8100EB79B5 /* XCRemoteSwiftPackageReference "appmetrica-sdk-ios" */ = {
			isa = XCRemoteSwiftPackageReference;
			repositoryURL = "https://github.com/appmetrica/appmetrica-sdk-ios";
			requirement = {
				kind = upToNextMajorVersion;
				minimumVersion = 5.12.1;
			};
		};
/* End XCRemoteSwiftPackageReference section */

/* Begin XCSwiftPackageProductDependency section */
		0FBBA2312E7EC23000EB79B5 /* InlineSnapshotTesting */ = {
			isa = XCSwiftPackageProductDependency;
			package = 0FBBA2302E7EC23000EB79B5 /* XCRemoteSwiftPackageReference "swift-snapshot-testing" */;
			productName = InlineSnapshotTesting;
		};
		0FBBA2332E7EC23000EB79B5 /* SnapshotTesting */ = {
			isa = XCSwiftPackageProductDependency;
			package = 0FBBA2302E7EC23000EB79B5 /* XCRemoteSwiftPackageReference "swift-snapshot-testing" */;
			productName = SnapshotTesting;
		};
		0FBBA2352E7EC23000EB79B5 /* SnapshotTestingCustomDump */ = {
			isa = XCSwiftPackageProductDependency;
			package = 0FBBA2302E7EC23000EB79B5 /* XCRemoteSwiftPackageReference "swift-snapshot-testing" */;
			productName = SnapshotTestingCustomDump;
		};
		0FBBA2462E7ECD8100EB79B5 /* AppMetricaAdSupport */ = {
			isa = XCSwiftPackageProductDependency;
			package = 0FBBA2452E7ECD8100EB79B5 /* XCRemoteSwiftPackageReference "appmetrica-sdk-ios" */;
			productName = AppMetricaAdSupport;
		};
		0FBBA2482E7ECD8100EB79B5 /* AppMetricaCore */ = {
			isa = XCSwiftPackageProductDependency;
			package = 0FBBA2452E7ECD8100EB79B5 /* XCRemoteSwiftPackageReference "appmetrica-sdk-ios" */;
			productName = AppMetricaCore;
		};
		0FBBA24A2E7ECD8100EB79B5 /* AppMetricaCrashes */ = {
			isa = XCSwiftPackageProductDependency;
			package = 0FBBA2452E7ECD8100EB79B5 /* XCRemoteSwiftPackageReference "appmetrica-sdk-ios" */;
			productName = AppMetricaCrashes;
		};
		0FBBA24C2E7ECD8100EB79B5 /* AppMetricaLibraryAdapter */ = {
			isa = XCSwiftPackageProductDependency;
			package = 0FBBA2452E7ECD8100EB79B5 /* XCRemoteSwiftPackageReference "appmetrica-sdk-ios" */;
			productName = AppMetricaLibraryAdapter;
		};
		0FBBA24E2E7ECD8100EB79B5 /* AppMetricaScreenshot */ = {
			isa = XCSwiftPackageProductDependency;
			package = 0FBBA2452E7ECD8100EB79B5 /* XCRemoteSwiftPackageReference "appmetrica-sdk-ios" */;
			productName = AppMetricaScreenshot;
		};
		0FBBA2502E7ECD8100EB79B5 /* AppMetricaWebKit */ = {
			isa = XCSwiftPackageProductDependency;
			package = 0FBBA2452E7ECD8100EB79B5 /* XCRemoteSwiftPackageReference "appmetrica-sdk-ios" */;
			productName = AppMetricaWebKit;
		};
/* End XCSwiftPackageProductDependency section */
	};
	rootObject = 0F64F7FF2E2EBCC000C6FB20 /* Project object */;
}
